
Microsoft Visual Studio Solution File, Format Version 12.00
# Visual Studio Version 17
VisualStudioVersion = 17.7.34024.191
MinimumVisualStudioVersion = 10.0.40219.1
Project("{9A19103F-16F7-4668-BE54-9A1E7A4F7556}") = "Api", "Api\Api.csproj", "{75995DB4-5453-45C2-B4FF-0E0C75AC8D28}"
EndProject
Project("{2150E333-8FDC-42A3-9474-1A3956D46DE8}") = "Solution Items", "Solution Items", "{A5E93564-C091-408C-8491-B3B52CDAD377}"
	ProjectSection(SolutionItems) = preProject
		index.html = index.html
		notes.md = notes.md
		README.md = README.md
	EndProjectSection
EndProject
Global
	GlobalSection(SolutionConfigurationPlatforms) = preSolution
		Debug|Any CPU = Debug|Any CPU
		Release|Any CPU = Release|Any CPU
	EndGlobalSection
	GlobalSection(ProjectConfigurationPlatforms) = postSolution
		{75995DB4-5453-45C2-B4FF-0E0C75AC8D28}.Debug|Any CPU.ActiveCfg = Debug|Any CPU
		{75995DB4-5453-45C2-B4FF-0E0C75AC8D28}.Debug|Any CPU.Build.0 = Debug|Any CPU
		{75995DB4-5453-45C2-B4FF-0E0C75AC8D28}.Release|Any CPU.ActiveCfg = Release|Any CPU
		{75995DB4-5453-45C2-B4FF-0E0C75AC8D28}.Release|Any CPU.Build.0 = Release|Any CPU
	EndGlobalSection
	GlobalSection(SolutionProperties) = preSolution
		HideSolutionNode = FALSE
	EndGlobalSection
	GlobalSection(ExtensibilityGlobals) = postSolution
		SolutionGuid = {6DD4727C-1DBD-4C95-94BE-80F9C031D45D}
	EndGlobalSection
EndGlobal
